
Microsoft Visual Studio Solution File, Format Version 12.00
# Visual Studio Version 17
VisualStudioVersion = 17.0.32126.317
MinimumVisualStudioVersion = 10.0.40219.1
Project("{9A19103F-16F7-4668-BE54-9A1E7A4F7556}") = "CTS", "CTS\CTS.csproj", "{E3A16B3A-13F4-42F7-898F-ED64716A9BB1}"
EndProject
Project("{FAE04EC0-301F-11D3-BF4B-00C04F79EFBC}") = "Interfaces", "Interfaces\Interfaces.csproj", "{7D8B6174-9425-46FD-BC4D-FE6FC79C15CB}"
EndProject
Project("{FAE04EC0-301F-11D3-BF4B-00C04F79EFBC}") = "Classes", "Classes\Classes.csproj", "{94C4E500-053B-4879-B4C3-B763F00B03C4}"
EndProject
Project("{FAE04EC0-301F-11D3-BF4B-00C04F79EFBC}") = "Enums", "Enums\Enums.csproj", "{C66EDF8F-F24E-48EC-9B03-1D708B9AFAC8}"
EndProject
Project("{FAE04EC0-301F-11D3-BF4B-00C04F79EFBC}") = "Delegates", "Delegates\Delegates.csproj", "{A0EBA04E-3A5A-4B38-9688-65725156C1D3}"
EndProject
Global
	GlobalSection(SolutionConfigurationPlatforms) = preSolution
		Debug|Any CPU = Debug|Any CPU
		Release|Any CPU = Release|Any CPU
	EndGlobalSection
	GlobalSection(ProjectConfigurationPlatforms) = postSolution
		{E3A16B3A-13F4-42F7-898F-ED64716A9BB1}.Debug|Any CPU.ActiveCfg = Debug|Any CPU
		{E3A16B3A-13F4-42F7-898F-ED64716A9BB1}.Debug|Any CPU.Build.0 = Debug|Any CPU
		{E3A16B3A-13F4-42F7-898F-ED64716A9BB1}.Release|Any CPU.ActiveCfg = Release|Any CPU
		{E3A16B3A-13F4-42F7-898F-ED64716A9BB1}.Release|Any CPU.Build.0 = Release|Any CPU
		{7D8B6174-9425-46FD-BC4D-FE6FC79C15CB}.Debug|Any CPU.ActiveCfg = Debug|Any CPU
		{7D8B6174-9425-46FD-BC4D-FE6FC79C15CB}.Debug|Any CPU.Build.0 = Debug|Any CPU
		{7D8B6174-9425-46FD-BC4D-FE6FC79C15CB}.Release|Any CPU.ActiveCfg = Release|Any CPU
		{7D8B6174-9425-46FD-BC4D-FE6FC79C15CB}.Release|Any CPU.Build.0 = Release|Any CPU
		{94C4E500-053B-4879-B4C3-B763F00B03C4}.Debug|Any CPU.ActiveCfg = Debug|Any CPU
		{94C4E500-053B-4879-B4C3-B763F00B03C4}.Debug|Any CPU.Build.0 = Debug|Any CPU
		{94C4E500-053B-4879-B4C3-B763F00B03C4}.Release|Any CPU.ActiveCfg = Release|Any CPU
		{94C4E500-053B-4879-B4C3-B763F00B03C4}.Release|Any CPU.Build.0 = Release|Any CPU
		{C66EDF8F-F24E-48EC-9B03-1D708B9AFAC8}.Debug|Any CPU.ActiveCfg = Debug|Any CPU
		{C66EDF8F-F24E-48EC-9B03-1D708B9AFAC8}.Debug|Any CPU.Build.0 = Debug|Any CPU
		{C66EDF8F-F24E-48EC-9B03-1D708B9AFAC8}.Release|Any CPU.ActiveCfg = Release|Any CPU
		{C66EDF8F-F24E-48EC-9B03-1D708B9AFAC8}.Release|Any CPU.Build.0 = Release|Any CPU
		{A0EBA04E-3A5A-4B38-9688-65725156C1D3}.Debug|Any CPU.ActiveCfg = Debug|Any CPU
		{A0EBA04E-3A5A-4B38-9688-65725156C1D3}.Debug|Any CPU.Build.0 = Debug|Any CPU
		{A0EBA04E-3A5A-4B38-9688-65725156C1D3}.Release|Any CPU.ActiveCfg = Release|Any CPU
		{A0EBA04E-3A5A-4B38-9688-65725156C1D3}.Release|Any CPU.Build.0 = Release|Any CPU
	EndGlobalSection
	GlobalSection(SolutionProperties) = preSolution
		HideSolutionNode = FALSE
	EndGlobalSection
	GlobalSection(ExtensibilityGlobals) = postSolution
		SolutionGuid = {01F7E4FE-A917-40AA-9A81-505897DB11D7}
	EndGlobalSection
EndGlobal
