
Microsoft Visual Studio Solution File, Format Version 12.00
# Visual Studio Version 17
VisualStudioVersion = 17.0.32126.317
MinimumVisualStudioVersion = 10.0.40219.1
Project("{9A19103F-16F7-4668-BE54-9A1E7A4F7556}") = "CTS", "CTS\CTS.csproj", "{E3A16B3A-13F4-42F7-898F-ED64716A9BB1}"
EndProject
Project("{9A19103F-16F7-4668-BE54-9A1E7A4F7556}") = "Interfaces", "Interfaces\Interfaces.csproj", "{7D8B6174-9425-46FD-BC4D-FE6FC79C15CB}"
EndProject
Project("{9A19103F-16F7-4668-BE54-9A1E7A4F7556}") = "Classes", "Classes\Classes.csproj", "{94C4E500-053B-4879-B4C3-B763F00B03C4}"
EndProject
Project("{9A19103F-16F7-4668-BE54-9A1E7A4F7556}") = "Enums", "Enums\Enums.csproj", "{C66EDF8F-F24E-48EC-9B03-1D708B9AFAC8}"
EndProject
Project("{9A19103F-16F7-4668-BE54-9A1E7A4F7556}") = "Delegates", "Delegates\Delegates.csproj", "{A0EBA04E-3A5A-4B38-9688-65725156C1D3}"
EndProject
Project("{9A19103F-16F7-4668-BE54-9A1E7A4F7556}") = "BoxingUnboxing", "BoxingUnboxing\BoxingUnboxing.csproj", "{89CAE556-87A5-49AD-85A3-3556F33134BC}"
EndProject
Project("{9A19103F-16F7-4668-BE54-9A1E7A4F7556}") = "Equals", "Equals\Equals.csproj", "{FCC87E8D-FD45-46C3-A6B1-E6C359A21C29}"
EndProject
Project("{9A19103F-16F7-4668-BE54-9A1E7A4F7556}") = "ReferenceEquals", "ReferenceEquals\ReferenceEquals.csproj", "{66838126-2E76-4BE9-8BA8-789E3720C5D0}"
EndProject
Project("{9A19103F-16F7-4668-BE54-9A1E7A4F7556}") = "ExamplesEquality", "ExamplesEquality\ExamplesEquality.csproj", "{644999CD-2548-4608-A314-AD7EBE171439}"
EndProject
Project("{9A19103F-16F7-4668-BE54-9A1E7A4F7556}") = "IEquatable", "IEquatable\IEquatable.csproj", "{3235B423-72D3-4666-A519-E45F9EA1A015}"
EndProject
Project("{9A19103F-16F7-4668-BE54-9A1E7A4F7556}") = "Struct", "Struct\Struct.csproj", "{72CCD00F-6F78-4F6D-8B21-8BE1B8340D28}"
EndProject
Project("{FAE04EC0-301F-11D3-BF4B-00C04F79EFBC}") = "IEqualityComparer", "IEqualityComparer\IEqualityComparer.csproj", "{EE070C7E-BE25-4AF9-9AFE-537E71C42810}"
EndProject
Project("{FAE04EC0-301F-11D3-BF4B-00C04F79EFBC}") = "IStructuralEquatable", "IStructuralEquatable\IStructuralEquatable.csproj", "{BBE87BB5-1072-4E00-92EE-B55CA84483B9}"
EndProject
Project("{FAE04EC0-301F-11D3-BF4B-00C04F79EFBC}") = "CarIComparable", "CarIComparable\CarIComparable.csproj", "{2C57C1ED-F652-49D5-9D82-860229CAEFA6}"
EndProject
Global
	GlobalSection(SolutionConfigurationPlatforms) = preSolution
		Debug|Any CPU = Debug|Any CPU
		Release|Any CPU = Release|Any CPU
	EndGlobalSection
	GlobalSection(ProjectConfigurationPlatforms) = postSolution
		{E3A16B3A-13F4-42F7-898F-ED64716A9BB1}.Debug|Any CPU.ActiveCfg = Debug|Any CPU
		{E3A16B3A-13F4-42F7-898F-ED64716A9BB1}.Debug|Any CPU.Build.0 = Debug|Any CPU
		{E3A16B3A-13F4-42F7-898F-ED64716A9BB1}.Release|Any CPU.ActiveCfg = Release|Any CPU
		{E3A16B3A-13F4-42F7-898F-ED64716A9BB1}.Release|Any CPU.Build.0 = Release|Any CPU
		{7D8B6174-9425-46FD-BC4D-FE6FC79C15CB}.Debug|Any CPU.ActiveCfg = Debug|Any CPU
		{7D8B6174-9425-46FD-BC4D-FE6FC79C15CB}.Debug|Any CPU.Build.0 = Debug|Any CPU
		{7D8B6174-9425-46FD-BC4D-FE6FC79C15CB}.Release|Any CPU.ActiveCfg = Release|Any CPU
		{7D8B6174-9425-46FD-BC4D-FE6FC79C15CB}.Release|Any CPU.Build.0 = Release|Any CPU
		{94C4E500-053B-4879-B4C3-B763F00B03C4}.Debug|Any CPU.ActiveCfg = Debug|Any CPU
		{94C4E500-053B-4879-B4C3-B763F00B03C4}.Debug|Any CPU.Build.0 = Debug|Any CPU
		{94C4E500-053B-4879-B4C3-B763F00B03C4}.Release|Any CPU.ActiveCfg = Release|Any CPU
		{94C4E500-053B-4879-B4C3-B763F00B03C4}.Release|Any CPU.Build.0 = Release|Any CPU
		{C66EDF8F-F24E-48EC-9B03-1D708B9AFAC8}.Debug|Any CPU.ActiveCfg = Debug|Any CPU
		{C66EDF8F-F24E-48EC-9B03-1D708B9AFAC8}.Debug|Any CPU.Build.0 = Debug|Any CPU
		{C66EDF8F-F24E-48EC-9B03-1D708B9AFAC8}.Release|Any CPU.ActiveCfg = Release|Any CPU
		{C66EDF8F-F24E-48EC-9B03-1D708B9AFAC8}.Release|Any CPU.Build.0 = Release|Any CPU
		{A0EBA04E-3A5A-4B38-9688-65725156C1D3}.Debug|Any CPU.ActiveCfg = Debug|Any CPU
		{A0EBA04E-3A5A-4B38-9688-65725156C1D3}.Debug|Any CPU.Build.0 = Debug|Any CPU
		{A0EBA04E-3A5A-4B38-9688-65725156C1D3}.Release|Any CPU.ActiveCfg = Release|Any CPU
		{A0EBA04E-3A5A-4B38-9688-65725156C1D3}.Release|Any CPU.Build.0 = Release|Any CPU
		{89CAE556-87A5-49AD-85A3-3556F33134BC}.Debug|Any CPU.ActiveCfg = Debug|Any CPU
		{89CAE556-87A5-49AD-85A3-3556F33134BC}.Debug|Any CPU.Build.0 = Debug|Any CPU
		{89CAE556-87A5-49AD-85A3-3556F33134BC}.Release|Any CPU.ActiveCfg = Release|Any CPU
		{89CAE556-87A5-49AD-85A3-3556F33134BC}.Release|Any CPU.Build.0 = Release|Any CPU
		{FCC87E8D-FD45-46C3-A6B1-E6C359A21C29}.Debug|Any CPU.ActiveCfg = Debug|Any CPU
		{FCC87E8D-FD45-46C3-A6B1-E6C359A21C29}.Debug|Any CPU.Build.0 = Debug|Any CPU
		{FCC87E8D-FD45-46C3-A6B1-E6C359A21C29}.Release|Any CPU.ActiveCfg = Release|Any CPU
		{FCC87E8D-FD45-46C3-A6B1-E6C359A21C29}.Release|Any CPU.Build.0 = Release|Any CPU
		{66838126-2E76-4BE9-8BA8-789E3720C5D0}.Debug|Any CPU.ActiveCfg = Debug|Any CPU
		{66838126-2E76-4BE9-8BA8-789E3720C5D0}.Debug|Any CPU.Build.0 = Debug|Any CPU
		{66838126-2E76-4BE9-8BA8-789E3720C5D0}.Release|Any CPU.ActiveCfg = Release|Any CPU
		{66838126-2E76-4BE9-8BA8-789E3720C5D0}.Release|Any CPU.Build.0 = Release|Any CPU
		{644999CD-2548-4608-A314-AD7EBE171439}.Debug|Any CPU.ActiveCfg = Debug|Any CPU
		{644999CD-2548-4608-A314-AD7EBE171439}.Debug|Any CPU.Build.0 = Debug|Any CPU
		{644999CD-2548-4608-A314-AD7EBE171439}.Release|Any CPU.ActiveCfg = Release|Any CPU
		{644999CD-2548-4608-A314-AD7EBE171439}.Release|Any CPU.Build.0 = Release|Any CPU
		{3235B423-72D3-4666-A519-E45F9EA1A015}.Debug|Any CPU.ActiveCfg = Debug|Any CPU
		{3235B423-72D3-4666-A519-E45F9EA1A015}.Debug|Any CPU.Build.0 = Debug|Any CPU
		{3235B423-72D3-4666-A519-E45F9EA1A015}.Release|Any CPU.ActiveCfg = Release|Any CPU
		{3235B423-72D3-4666-A519-E45F9EA1A015}.Release|Any CPU.Build.0 = Release|Any CPU
		{72CCD00F-6F78-4F6D-8B21-8BE1B8340D28}.Debug|Any CPU.ActiveCfg = Debug|Any CPU
		{72CCD00F-6F78-4F6D-8B21-8BE1B8340D28}.Debug|Any CPU.Build.0 = Debug|Any CPU
		{72CCD00F-6F78-4F6D-8B21-8BE1B8340D28}.Release|Any CPU.ActiveCfg = Release|Any CPU
		{72CCD00F-6F78-4F6D-8B21-8BE1B8340D28}.Release|Any CPU.Build.0 = Release|Any CPU
		{EE070C7E-BE25-4AF9-9AFE-537E71C42810}.Debug|Any CPU.ActiveCfg = Debug|Any CPU
		{EE070C7E-BE25-4AF9-9AFE-537E71C42810}.Debug|Any CPU.Build.0 = Debug|Any CPU
		{EE070C7E-BE25-4AF9-9AFE-537E71C42810}.Release|Any CPU.ActiveCfg = Release|Any CPU
		{EE070C7E-BE25-4AF9-9AFE-537E71C42810}.Release|Any CPU.Build.0 = Release|Any CPU
		{BBE87BB5-1072-4E00-92EE-B55CA84483B9}.Debug|Any CPU.ActiveCfg = Debug|Any CPU
		{BBE87BB5-1072-4E00-92EE-B55CA84483B9}.Debug|Any CPU.Build.0 = Debug|Any CPU
		{BBE87BB5-1072-4E00-92EE-B55CA84483B9}.Release|Any CPU.ActiveCfg = Release|Any CPU
		{BBE87BB5-1072-4E00-92EE-B55CA84483B9}.Release|Any CPU.Build.0 = Release|Any CPU
		{2C57C1ED-F652-49D5-9D82-860229CAEFA6}.Debug|Any CPU.ActiveCfg = Debug|Any CPU
		{2C57C1ED-F652-49D5-9D82-860229CAEFA6}.Debug|Any CPU.Build.0 = Debug|Any CPU
		{2C57C1ED-F652-49D5-9D82-860229CAEFA6}.Release|Any CPU.ActiveCfg = Release|Any CPU
		{2C57C1ED-F652-49D5-9D82-860229CAEFA6}.Release|Any CPU.Build.0 = Release|Any CPU
	EndGlobalSection
	GlobalSection(SolutionProperties) = preSolution
		HideSolutionNode = FALSE
	EndGlobalSection
	GlobalSection(ExtensibilityGlobals) = postSolution
		SolutionGuid = {01F7E4FE-A917-40AA-9A81-505897DB11D7}
	EndGlobalSection
EndGlobal
